
Microsoft Visual Studio Solution File, Format Version 12.00
# Visual Studio Version 17
VisualStudioVersion = 17.4.32804.182
MinimumVisualStudioVersion = 10.0.40219.1
Project("{FAE04EC0-301F-11D3-BF4B-00C04F79EFBC}") = "TestDAL", "TestDAL.csproj", "{95698CAA-3CCA-4638-A0BD-B1C454A95ED6}"
EndProject
Global
	GlobalSection(SolutionConfigurationPlatforms) = preSolution
		Debug|Any CPU = Debug|Any CPU
		Release|Any CPU = Release|Any CPU
	EndGlobalSection
	GlobalSection(ProjectConfigurationPlatforms) = postSolution
		{95698CAA-3CCA-4638-A0BD-B1C454A95ED6}.Debug|Any CPU.ActiveCfg = Debug|Any CPU
		{95698CAA-3CCA-4638-A0BD-B1C454A95ED6}.Debug|Any CPU.Build.0 = Debug|Any CPU
		{95698CAA-3CCA-4638-A0BD-B1C454A95ED6}.Release|Any CPU.ActiveCfg = Release|Any CPU
		{95698CAA-3CCA-4638-A0BD-B1C454A95ED6}.Release|Any CPU.Build.0 = Release|Any CPU
	EndGlobalSection
	GlobalSection(SolutionProperties) = preSolution
		HideSolutionNode = FALSE
	EndGlobalSection
	GlobalSection(ExtensibilityGlobals) = postSolution
		SolutionGuid = {1FEDBAF2-7A6E-4EF6-80EA-A71244FCBAE1}
	EndGlobalSection
EndGlobal
